
Microsoft Visual Studio Solution File, Format Version 12.00
# Visual Studio Version 17
VisualStudioVersion = 17.1.32319.34
MinimumVisualStudioVersion = 10.0.40219.1
Project("{FAE04EC0-301F-11D3-BF4B-00C04F79EFBC}") = "N01516955_CumulativeProject_Part2", "N01516955_CumulativeProject_Part2\N01516955_CumulativeProject_Part2.csproj", "{8F8CD9CD-58A5-4290-BA4F-706C97E787E4}"
EndProject
Project("{2150E333-8FDC-42A3-9474-1A3956D46DE8}") = "Solution Items", "Solution Items", "{EE5E7398-8411-4F3A-B01D-9318C49887D3}"
	ProjectSection(SolutionItems) = preProject
		.editorconfig = .editorconfig
	EndProjectSection
EndProject
Global
	GlobalSection(SolutionConfigurationPlatforms) = preSolution
		Debug|Any CPU = Debug|Any CPU
		Release|Any CPU = Release|Any CPU
	EndGlobalSection
	GlobalSection(ProjectConfigurationPlatforms) = postSolution
		{8F8CD9CD-58A5-4290-BA4F-706C97E787E4}.Debug|Any CPU.ActiveCfg = Debug|Any CPU
		{8F8CD9CD-58A5-4290-BA4F-706C97E787E4}.Debug|Any CPU.Build.0 = Debug|Any CPU
		{8F8CD9CD-58A5-4290-BA4F-706C97E787E4}.Release|Any CPU.ActiveCfg = Release|Any CPU
		{8F8CD9CD-58A5-4290-BA4F-706C97E787E4}.Release|Any CPU.Build.0 = Release|Any CPU
	EndGlobalSection
	GlobalSection(SolutionProperties) = preSolution
		HideSolutionNode = FALSE
	EndGlobalSection
	GlobalSection(ExtensibilityGlobals) = postSolution
		SolutionGuid = {FD4EF434-1D74-4667-BBD6-CE2444881991}
	EndGlobalSection
EndGlobal
